{
    "hash": "80ccb20098f9b416a0cda04f67eb2c0c",
    "packages": [
        {
            "package": "noonat/pecs",
            "version": "dev-master",
            "source-reference": "0b911eebf01e5762d25dfe53bc85dcc60801e3ed",
            "commit-date": "1341932972"
        },
        {
            "package": "symfony/class-loader",
            "version": "v2.1.1"
        },
        {
            "package": "symfony/config",
            "version": "v2.1.1"
        },
        {
            "package": "symfony/dependency-injection",
            "version": "v2.1.1"
        },
        {
            "package": "symfony/finder",
            "version": "v2.1.1"
        },
        {
            "package": "symfony/http-foundation",
            "version": "v2.1.1"
        },
        {
            "package": "symfony/routing",
            "version": "v2.1.1"
        },
        {
            "package": "symfony/yaml",
            "version": "v2.1.1"
        }
    ],
    "packages-dev": null,
    "aliases": [

    ],
    "minimum-stability": "stable",
    "stability-flags": {
        "noonat/pecs": 20
    }
}
